
Microsoft Visual Studio Solution File, Format Version 12.00
# Visual Studio 15
VisualStudioVersion = 15.0.28307.779
MinimumVisualStudioVersion = 10.0.40219.1
Project("{9A19103F-16F7-4668-BE54-9A1E7A4F7556}") = "ToDoList", "ToDoList\ToDoList.csproj", "{A8B6C709-D043-49B3-A963-94010BCCA0EF}"
EndProject
Global
	GlobalSection(SolutionConfigurationPlatforms) = preSolution
		Debug|Any CPU = Debug|Any CPU
		Release|Any CPU = Release|Any CPU
	EndGlobalSection
	GlobalSection(ProjectConfigurationPlatforms) = postSolution
		{A8B6C709-D043-49B3-A963-94010BCCA0EF}.Debug|Any CPU.ActiveCfg = Debug|Any CPU
		{A8B6C709-D043-49B3-A963-94010BCCA0EF}.Debug|Any CPU.Build.0 = Debug|Any CPU
		{A8B6C709-D043-49B3-A963-94010BCCA0EF}.Release|Any CPU.ActiveCfg = Release|Any CPU
		{A8B6C709-D043-49B3-A963-94010BCCA0EF}.Release|Any CPU.Build.0 = Release|Any CPU
	EndGlobalSection
	GlobalSection(SolutionProperties) = preSolution
		HideSolutionNode = FALSE
	EndGlobalSection
	GlobalSection(ExtensibilityGlobals) = postSolution
		SolutionGuid = {046FF9D1-C29E-4B42-B845-E92AF0817C79}
	EndGlobalSection
EndGlobal
